
Microsoft Visual Studio Solution File, Format Version 12.00
# Visual Studio Version 17
VisualStudioVersion = 17.5.002.0
MinimumVisualStudioVersion = 10.0.40219.1
Project("{9A19103F-16F7-4668-BE54-9A1E7A4F7556}") = "OOPLecture", "OOPLecture.csproj", "{5ADD95B3-716A-40AA-B64D-32C871A587F4}"
EndProject
Global
	GlobalSection(SolutionConfigurationPlatforms) = preSolution
		Debug|Any CPU = Debug|Any CPU
		Release|Any CPU = Release|Any CPU
	EndGlobalSection
	GlobalSection(ProjectConfigurationPlatforms) = postSolution
		{5ADD95B3-716A-40AA-B64D-32C871A587F4}.Debug|Any CPU.ActiveCfg = Debug|Any CPU
		{5ADD95B3-716A-40AA-B64D-32C871A587F4}.Debug|Any CPU.Build.0 = Debug|Any CPU
		{5ADD95B3-716A-40AA-B64D-32C871A587F4}.Release|Any CPU.ActiveCfg = Release|Any CPU
		{5ADD95B3-716A-40AA-B64D-32C871A587F4}.Release|Any CPU.Build.0 = Release|Any CPU
	EndGlobalSection
	GlobalSection(SolutionProperties) = preSolution
		HideSolutionNode = FALSE
	EndGlobalSection
	GlobalSection(ExtensibilityGlobals) = postSolution
		SolutionGuid = {A609C912-43A5-4644-AFB3-AF63A5894091}
	EndGlobalSection
EndGlobal
